
Microsoft Visual Studio Solution File, Format Version 12.00
# Visual Studio Version 17
VisualStudioVersion = 17.1.32228.430
MinimumVisualStudioVersion = 10.0.40219.1
Project("{FAE04EC0-301F-11D3-BF4B-00C04F79EFBC}") = "excel to database exporter", "excel to database exporter\excel to database exporter.csproj", "{81035B66-3346-45CF-8EC0-98D2EA97AAC2}"
EndProject
Global
	GlobalSection(SolutionConfigurationPlatforms) = preSolution
		Debug|Any CPU = Debug|Any CPU
		Release|Any CPU = Release|Any CPU
	EndGlobalSection
	GlobalSection(ProjectConfigurationPlatforms) = postSolution
		{81035B66-3346-45CF-8EC0-98D2EA97AAC2}.Debug|Any CPU.ActiveCfg = Debug|Any CPU
		{81035B66-3346-45CF-8EC0-98D2EA97AAC2}.Debug|Any CPU.Build.0 = Debug|Any CPU
		{81035B66-3346-45CF-8EC0-98D2EA97AAC2}.Release|Any CPU.ActiveCfg = Release|Any CPU
		{81035B66-3346-45CF-8EC0-98D2EA97AAC2}.Release|Any CPU.Build.0 = Release|Any CPU
	EndGlobalSection
	GlobalSection(SolutionProperties) = preSolution
		HideSolutionNode = FALSE
	EndGlobalSection
	GlobalSection(ExtensibilityGlobals) = postSolution
		SolutionGuid = {D6B9EA16-4B2C-46A3-AB4D-6FCD5A5A7E5C}
	EndGlobalSection
EndGlobal
